
Microsoft Visual Studio Solution File, Format Version 12.00
# Visual Studio Version 17
VisualStudioVersion = 17.1.32210.238
MinimumVisualStudioVersion = 10.0.40219.1
Project("{FAE04EC0-301F-11D3-BF4B-00C04F79EFBC}") = "uppgift 2.3", "uppgift 2.3\uppgift 2.3.csproj", "{EED69249-8F98-4607-8C23-7F9FDBE90F9D}"
EndProject
Global
	GlobalSection(SolutionConfigurationPlatforms) = preSolution
		Debug|Any CPU = Debug|Any CPU
		Release|Any CPU = Release|Any CPU
	EndGlobalSection
	GlobalSection(ProjectConfigurationPlatforms) = postSolution
		{EED69249-8F98-4607-8C23-7F9FDBE90F9D}.Debug|Any CPU.ActiveCfg = Debug|Any CPU
		{EED69249-8F98-4607-8C23-7F9FDBE90F9D}.Debug|Any CPU.Build.0 = Debug|Any CPU
		{EED69249-8F98-4607-8C23-7F9FDBE90F9D}.Release|Any CPU.ActiveCfg = Release|Any CPU
		{EED69249-8F98-4607-8C23-7F9FDBE90F9D}.Release|Any CPU.Build.0 = Release|Any CPU
	EndGlobalSection
	GlobalSection(SolutionProperties) = preSolution
		HideSolutionNode = FALSE
	EndGlobalSection
	GlobalSection(ExtensibilityGlobals) = postSolution
		SolutionGuid = {5E2EE730-DB67-44B9-8D24-95F205E134E2}
	EndGlobalSection
EndGlobal
